// !$*UTF8*$!
{
	archiveVersion = 1;
	classes = {
	};
	objectVersion = 46;
	objects = {

/* Begin PBXBuildFile section */
		36F36E39950621118E1BCBC9 /* Pods_UOneSignal.framework in Frameworks */ = {isa = PBXBuildFile; fileRef = E6571353B87D5FD23A9FBBCB /* Pods_UOneSignal.framework */; };
		607FACD61AFB9204008FA782 /* AppDelegate.swift in Sources */ = {isa = PBXBuildFile; fileRef = 607FACD51AFB9204008FA782 /* AppDelegate.swift */; };
		607FACDD1AFB9204008FA782 /* Images.xcassets in Resources */ = {isa = PBXBuildFile; fileRef = 607FACDC1AFB9204008FA782 /* Images.xcassets */; };
		607FACE01AFB9204008FA782 /* LaunchScreen.xib in Resources */ = {isa = PBXBuildFile; fileRef = 607FACDE1AFB9204008FA782 /* LaunchScreen.xib */; };
		77F124DFC57EC8212E5B16EE /* Pods_SwiftyChatKitDemo.framework in Frameworks */ = {isa = PBXBuildFile; fileRef = ADB4C82417802757E5A8C8CC /* Pods_SwiftyChatKitDemo.framework */; };
		B4B7DBB92632C42B0005CE37 /* NotificationService.swift in Sources */ = {isa = PBXBuildFile; fileRef = B4B7DBB82632C42B0005CE37 /* NotificationService.swift */; };
		B4B7DBBD2632C42B0005CE37 /* UOneSignal.appex in Embed App Extensions */ = {isa = PBXBuildFile; fileRef = B4B7DBB62632C42B0005CE37 /* UOneSignal.appex */; settings = {ATTRIBUTES = (RemoveHeadersOnCopy, ); }; };
		B4C03553263A5CCB006ED384 /* call.wav in Resources */ = {isa = PBXBuildFile; fileRef = B4C03551263A5CCB006ED384 /* call.wav */; };
		B4C03554263A5CCB006ED384 /* WebLink.bundle in Resources */ = {isa = PBXBuildFile; fileRef = B4C03552263A5CCB006ED384 /* WebLink.bundle */; };
/* End PBXBuildFile section */

/* Begin PBXContainerItemProxy section */
		B4B7DBBB2632C42B0005CE37 /* PBXContainerItemProxy */ = {
			isa = PBXContainerItemProxy;
			containerPortal = 607FACC81AFB9204008FA782 /* Project object */;
			proxyType = 1;
			remoteGlobalIDString = B4B7DBB52632C42B0005CE37;
			remoteInfo = oneSignal;
		};
/* End PBXContainerItemProxy section */

/* Begin PBXCopyFilesBuildPhase section */
		B4B7DBC12632C42B0005CE37 /* Embed App Extensions */ = {
			isa = PBXCopyFilesBuildPhase;
			buildActionMask = 2147483647;
			dstPath = "";
			dstSubfolderSpec = 13;
			files = (
				B4B7DBBD2632C42B0005CE37 /* UOneSignal.appex in Embed App Extensions */,
			);
			name = "Embed App Extensions";
			runOnlyForDeploymentPostprocessing = 0;
		};
/* End PBXCopyFilesBuildPhase section */

/* Begin PBXFileReference section */
		0A3FE0CFDA1DCDD1BB2987CB /* Pods-SwiftBasicKit_Example.release.xcconfig */ = {isa = PBXFileReference; includeInIndex = 1; lastKnownFileType = text.xcconfig; name = "Pods-SwiftBasicKit_Example.release.xcconfig"; path = "Target Support Files/Pods-SwiftBasicKit_Example/Pods-SwiftBasicKit_Example.release.xcconfig"; sourceTree = "<group>"; };
		23F7928E93A9EFE02F0F08BA /* Pods_SwiftyChatKit_Tests.framework */ = {isa = PBXFileReference; explicitFileType = wrapper.framework; includeInIndex = 0; path = Pods_SwiftyChatKit_Tests.framework; sourceTree = BUILT_PRODUCTS_DIR; };
		3808FDD4D7008A2A979CD092 /* Pods-SwiftyChatKit_Example.release.xcconfig */ = {isa = PBXFileReference; includeInIndex = 1; lastKnownFileType = text.xcconfig; name = "Pods-SwiftyChatKit_Example.release.xcconfig"; path = "Target Support Files/Pods-SwiftyChatKit_Example/Pods-SwiftyChatKit_Example.release.xcconfig"; sourceTree = "<group>"; };
		452811DB5706A8E196E45023 /* Pods-UOneSignal.debug.xcconfig */ = {isa = PBXFileReference; includeInIndex = 1; lastKnownFileType = text.xcconfig; name = "Pods-UOneSignal.debug.xcconfig"; path = "Target Support Files/Pods-UOneSignal/Pods-UOneSignal.debug.xcconfig"; sourceTree = "<group>"; };
		47FB84EBB04F1961208B7540 /* Pods-SwiftyChatKit_Example.debug.xcconfig */ = {isa = PBXFileReference; includeInIndex = 1; lastKnownFileType = text.xcconfig; name = "Pods-SwiftyChatKit_Example.debug.xcconfig"; path = "Target Support Files/Pods-SwiftyChatKit_Example/Pods-SwiftyChatKit_Example.debug.xcconfig"; sourceTree = "<group>"; };
		4F02B414A526DDE63BB00A75 /* SwiftyChatKit.podspec */ = {isa = PBXFileReference; includeInIndex = 1; lastKnownFileType = text; name = SwiftyChatKit.podspec; path = ../SwiftyChatKit.podspec; sourceTree = "<group>"; xcLanguageSpecificationIdentifier = xcode.lang.ruby; };
		5BA930CC522ED0A0358CB95F /* LICENSE */ = {isa = PBXFileReference; includeInIndex = 1; lastKnownFileType = text; name = LICENSE; path = ../LICENSE; sourceTree = "<group>"; };
		607FACD01AFB9204008FA782 /* SwiftyChatKitDemo.app */ = {isa = PBXFileReference; explicitFileType = wrapper.application; includeInIndex = 0; path = SwiftyChatKitDemo.app; sourceTree = BUILT_PRODUCTS_DIR; };
		607FACD41AFB9204008FA782 /* Info.plist */ = {isa = PBXFileReference; lastKnownFileType = text.plist.xml; path = Info.plist; sourceTree = "<group>"; };
		607FACD51AFB9204008FA782 /* AppDelegate.swift */ = {isa = PBXFileReference; lastKnownFileType = sourcecode.swift; path = AppDelegate.swift; sourceTree = "<group>"; };
		607FACDC1AFB9204008FA782 /* Images.xcassets */ = {isa = PBXFileReference; lastKnownFileType = folder.assetcatalog; path = Images.xcassets; sourceTree = "<group>"; };
		607FACDF1AFB9204008FA782 /* Base */ = {isa = PBXFileReference; lastKnownFileType = file.xib; name = Base; path = Base.lproj/LaunchScreen.xib; sourceTree = "<group>"; };
		607FACEA1AFB9204008FA782 /* Info.plist */ = {isa = PBXFileReference; lastKnownFileType = text.plist.xml; path = Info.plist; sourceTree = "<group>"; };
		607FACEB1AFB9204008FA782 /* Tests.swift */ = {isa = PBXFileReference; lastKnownFileType = sourcecode.swift; path = Tests.swift; sourceTree = "<group>"; };
		6343AEFB31EC5C9983413C7F /* Pods-oneSignal.debug.xcconfig */ = {isa = PBXFileReference; includeInIndex = 1; lastKnownFileType = text.xcconfig; name = "Pods-oneSignal.debug.xcconfig"; path = "Target Support Files/Pods-oneSignal/Pods-oneSignal.debug.xcconfig"; sourceTree = "<group>"; };
		641D2C647DEC96D9F51BF957 /* Pods-SwiftyChatKitDemo.debug.xcconfig */ = {isa = PBXFileReference; includeInIndex = 1; lastKnownFileType = text.xcconfig; name = "Pods-SwiftyChatKitDemo.debug.xcconfig"; path = "Target Support Files/Pods-SwiftyChatKitDemo/Pods-SwiftyChatKitDemo.debug.xcconfig"; sourceTree = "<group>"; };
		679C4B53AA93F289C7D38840 /* Pods-SwiftBasicKit_Example.debug.xcconfig */ = {isa = PBXFileReference; includeInIndex = 1; lastKnownFileType = text.xcconfig; name = "Pods-SwiftBasicKit_Example.debug.xcconfig"; path = "Target Support Files/Pods-SwiftBasicKit_Example/Pods-SwiftBasicKit_Example.debug.xcconfig"; sourceTree = "<group>"; };
		7437B5DD7024655E7AD19021 /* Pods-SwiftyChatKit.debug.xcconfig */ = {isa = PBXFileReference; includeInIndex = 1; lastKnownFileType = text.xcconfig; name = "Pods-SwiftyChatKit.debug.xcconfig"; path = "Target Support Files/Pods-SwiftyChatKit/Pods-SwiftyChatKit.debug.xcconfig"; sourceTree = "<group>"; };
		882501F5CBACF58EDE27324B /* Pods-SwiftyChatKitDemo.release.xcconfig */ = {isa = PBXFileReference; includeInIndex = 1; lastKnownFileType = text.xcconfig; name = "Pods-SwiftyChatKitDemo.release.xcconfig"; path = "Target Support Files/Pods-SwiftyChatKitDemo/Pods-SwiftyChatKitDemo.release.xcconfig"; sourceTree = "<group>"; };
		A505EB449B3A3AE442964E9C /* Pods-oneSignal.release.xcconfig */ = {isa = PBXFileReference; includeInIndex = 1; lastKnownFileType = text.xcconfig; name = "Pods-oneSignal.release.xcconfig"; path = "Target Support Files/Pods-oneSignal/Pods-oneSignal.release.xcconfig"; sourceTree = "<group>"; };
		ADB4C82417802757E5A8C8CC /* Pods_SwiftyChatKitDemo.framework */ = {isa = PBXFileReference; explicitFileType = wrapper.framework; includeInIndex = 0; path = Pods_SwiftyChatKitDemo.framework; sourceTree = BUILT_PRODUCTS_DIR; };
		B41C6C872604618C004DE29F /* SwiftyChatKit.framework */ = {isa = PBXFileReference; explicitFileType = wrapper.framework; path = SwiftyChatKit.framework; sourceTree = BUILT_PRODUCTS_DIR; };
		B492136D2632CC2500E3DCA0 /* UOneSignal.entitlements */ = {isa = PBXFileReference; lastKnownFileType = text.plist.entitlements; path = UOneSignal.entitlements; sourceTree = "<group>"; };
		B492136E2632CC4800E3DCA0 /* SwiftyChatKitDemo.entitlements */ = {isa = PBXFileReference; lastKnownFileType = text.plist.entitlements; path = SwiftyChatKitDemo.entitlements; sourceTree = "<group>"; };
		B4B7DBB62632C42B0005CE37 /* UOneSignal.appex */ = {isa = PBXFileReference; explicitFileType = "wrapper.app-extension"; includeInIndex = 0; path = UOneSignal.appex; sourceTree = BUILT_PRODUCTS_DIR; };
		B4B7DBB82632C42B0005CE37 /* NotificationService.swift */ = {isa = PBXFileReference; lastKnownFileType = sourcecode.swift; path = NotificationService.swift; sourceTree = "<group>"; };
		B4B7DBBA2632C42B0005CE37 /* Info.plist */ = {isa = PBXFileReference; lastKnownFileType = text.plist.xml; path = Info.plist; sourceTree = "<group>"; };
		B4C03551263A5CCB006ED384 /* call.wav */ = {isa = PBXFileReference; lastKnownFileType = audio.wav; path = call.wav; sourceTree = "<group>"; };
		B4C03552263A5CCB006ED384 /* WebLink.bundle */ = {isa = PBXFileReference; lastKnownFileType = "wrapper.plug-in"; path = WebLink.bundle; sourceTree = "<group>"; };
		C084EDAD0E9EB686B3CBF599 /* README.md */ = {isa = PBXFileReference; includeInIndex = 1; lastKnownFileType = net.daringfireball.markdown; name = README.md; path = ../README.md; sourceTree = "<group>"; };
		CB14B8AD67A5D5845DC86D53 /* Pods-SwiftyChatKit.release.xcconfig */ = {isa = PBXFileReference; includeInIndex = 1; lastKnownFileType = text.xcconfig; name = "Pods-SwiftyChatKit.release.xcconfig"; path = "Target Support Files/Pods-SwiftyChatKit/Pods-SwiftyChatKit.release.xcconfig"; sourceTree = "<group>"; };
		E6571353B87D5FD23A9FBBCB /* Pods_UOneSignal.framework */ = {isa = PBXFileReference; explicitFileType = wrapper.framework; includeInIndex = 0; path = Pods_UOneSignal.framework; sourceTree = BUILT_PRODUCTS_DIR; };
		EF51FA7155AABDFC9BE75B09 /* Pods-UOneSignal.release.xcconfig */ = {isa = PBXFileReference; includeInIndex = 1; lastKnownFileType = text.xcconfig; name = "Pods-UOneSignal.release.xcconfig"; path = "Target Support Files/Pods-UOneSignal/Pods-UOneSignal.release.xcconfig"; sourceTree = "<group>"; };
/* End PBXFileReference section */

/* Begin PBXFrameworksBuildPhase section */
		607FACCD1AFB9204008FA782 /* Frameworks */ = {
			isa = PBXFrameworksBuildPhase;
			buildActionMask = 2147483647;
			files = (
				77F124DFC57EC8212E5B16EE /* Pods_SwiftyChatKitDemo.framework in Frameworks */,
			);
			runOnlyForDeploymentPostprocessing = 0;
		};
		B4B7DBB32632C42B0005CE37 /* Frameworks */ = {
			isa = PBXFrameworksBuildPhase;
			buildActionMask = 2147483647;
			files = (
				36F36E39950621118E1BCBC9 /* Pods_UOneSignal.framework in Frameworks */,
			);
			runOnlyForDeploymentPostprocessing = 0;
		};
/* End PBXFrameworksBuildPhase section */

/* Begin PBXGroup section */
		02DCE78A94A127A325470415 /* Frameworks */ = {
			isa = PBXGroup;
			children = (
				B41C6C872604618C004DE29F /* SwiftyChatKit.framework */,
				23F7928E93A9EFE02F0F08BA /* Pods_SwiftyChatKit_Tests.framework */,
				E6571353B87D5FD23A9FBBCB /* Pods_UOneSignal.framework */,
				ADB4C82417802757E5A8C8CC /* Pods_SwiftyChatKitDemo.framework */,
			);
			name = Frameworks;
			sourceTree = "<group>";
		};
		607FACC71AFB9204008FA782 = {
			isa = PBXGroup;
			children = (
				02DCE78A94A127A325470415 /* Frameworks */,
				6562EEE6B146C3BFC9893AC9 /* Pods */,
				607FACF51AFB993E008FA782 /* Podspec */,
				607FACD11AFB9204008FA782 /* Products */,
				B4C03550263A5CCB006ED384 /* SwiftyBundle */,
				607FACD21AFB9204008FA782 /* SwiftyChatKitDemo */,
				607FACE81AFB9204008FA782 /* Tests */,
				B4B7DBB72632C42B0005CE37 /* UOneSignal */,
			);
			sourceTree = "<group>";
		};
		607FACD11AFB9204008FA782 /* Products */ = {
			isa = PBXGroup;
			children = (
				607FACD01AFB9204008FA782 /* SwiftyChatKitDemo.app */,
				B4B7DBB62632C42B0005CE37 /* UOneSignal.appex */,
			);
			name = Products;
			sourceTree = "<group>";
		};
		607FACD21AFB9204008FA782 /* SwiftyChatKitDemo */ = {
			isa = PBXGroup;
			children = (
				607FACD51AFB9204008FA782 /* AppDelegate.swift */,
				607FACDC1AFB9204008FA782 /* Images.xcassets */,
				607FACD41AFB9204008FA782 /* Info.plist */,
				607FACDE1AFB9204008FA782 /* LaunchScreen.xib */,
				607FACD31AFB9204008FA782 /* Supporting Files */,
				B492136E2632CC4800E3DCA0 /* SwiftyChatKitDemo.entitlements */,
			);
			path = SwiftyChatKitDemo;
			sourceTree = "<group>";
		};
		607FACD31AFB9204008FA782 /* Supporting Files */ = {
			isa = PBXGroup;
			children = (
			);
			name = "Supporting Files";
			sourceTree = "<group>";
		};
		607FACE81AFB9204008FA782 /* Tests */ = {
			isa = PBXGroup;
			children = (
				607FACEB1AFB9204008FA782 /* Tests.swift */,
				607FACE91AFB9204008FA782 /* Supporting Files */,
			);
			path = Tests;
			sourceTree = "<group>";
		};
		607FACE91AFB9204008FA782 /* Supporting Files */ = {
			isa = PBXGroup;
			children = (
				607FACEA1AFB9204008FA782 /* Info.plist */,
			);
			name = "Supporting Files";
			sourceTree = "<group>";
		};
		607FACF51AFB993E008FA782 /* Podspec */ = {
			isa = PBXGroup;
			children = (
				4F02B414A526DDE63BB00A75 /* SwiftyChatKit.podspec */,
				C084EDAD0E9EB686B3CBF599 /* README.md */,
				5BA930CC522ED0A0358CB95F /* LICENSE */,
			);
			name = Podspec;
			sourceTree = "<group>";
		};
		6562EEE6B146C3BFC9893AC9 /* Pods */ = {
			isa = PBXGroup;
			children = (
				679C4B53AA93F289C7D38840 /* Pods-SwiftBasicKit_Example.debug.xcconfig */,
				0A3FE0CFDA1DCDD1BB2987CB /* Pods-SwiftBasicKit_Example.release.xcconfig */,
				47FB84EBB04F1961208B7540 /* Pods-SwiftyChatKit_Example.debug.xcconfig */,
				3808FDD4D7008A2A979CD092 /* Pods-SwiftyChatKit_Example.release.xcconfig */,
				7437B5DD7024655E7AD19021 /* Pods-SwiftyChatKit.debug.xcconfig */,
				CB14B8AD67A5D5845DC86D53 /* Pods-SwiftyChatKit.release.xcconfig */,
				6343AEFB31EC5C9983413C7F /* Pods-oneSignal.debug.xcconfig */,
				A505EB449B3A3AE442964E9C /* Pods-oneSignal.release.xcconfig */,
				452811DB5706A8E196E45023 /* Pods-UOneSignal.debug.xcconfig */,
				EF51FA7155AABDFC9BE75B09 /* Pods-UOneSignal.release.xcconfig */,
				641D2C647DEC96D9F51BF957 /* Pods-SwiftyChatKitDemo.debug.xcconfig */,
				882501F5CBACF58EDE27324B /* Pods-SwiftyChatKitDemo.release.xcconfig */,
			);
			path = Pods;
			sourceTree = "<group>";
		};
		B4B7DBB72632C42B0005CE37 /* UOneSignal */ = {
			isa = PBXGroup;
			children = (
				B4B7DBBA2632C42B0005CE37 /* Info.plist */,
				B4B7DBB82632C42B0005CE37 /* NotificationService.swift */,
				B492136D2632CC2500E3DCA0 /* UOneSignal.entitlements */,
			);
			path = UOneSignal;
			sourceTree = "<group>";
		};
		B4C03550263A5CCB006ED384 /* SwiftyBundle */ = {
			isa = PBXGroup;
			children = (
				B4C03551263A5CCB006ED384 /* call.wav */,
				B4C03552263A5CCB006ED384 /* WebLink.bundle */,
			);
			path = SwiftyBundle;
			sourceTree = "<group>";
		};
/* End PBXGroup section */

/* Begin PBXNativeTarget section */
		607FACCF1AFB9204008FA782 /* SwiftyChatKitDemo */ = {
			isa = PBXNativeTarget;
			buildConfigurationList = 607FACEF1AFB9204008FA782 /* Build configuration list for PBXNativeTarget "SwiftyChatKitDemo" */;
			buildPhases = (
				D0A178AD57526C98A9228613 /* [CP] Check Pods Manifest.lock */,
				607FACCC1AFB9204008FA782 /* Sources */,
				607FACCD1AFB9204008FA782 /* Frameworks */,
				607FACCE1AFB9204008FA782 /* Resources */,
				09750D29160E4BBC78719531 /* [CP] Embed Pods Frameworks */,
				C6F018AD9E72D5F2FF4F2725 /* [CP] Copy Pods Resources */,
				B4B7DBC12632C42B0005CE37 /* Embed App Extensions */,
			);
			buildRules = (
			);
			dependencies = (
				B4B7DBBC2632C42B0005CE37 /* PBXTargetDependency */,
			);
			name = SwiftyChatKitDemo;
			productName = SwiftyChatKit;
			productReference = 607FACD01AFB9204008FA782 /* SwiftyChatKitDemo.app */;
			productType = "com.apple.product-type.application";
		};
		B4B7DBB52632C42B0005CE37 /* UOneSignal */ = {
			isa = PBXNativeTarget;
			buildConfigurationList = B4B7DBBE2632C42B0005CE37 /* Build configuration list for PBXNativeTarget "UOneSignal" */;
			buildPhases = (
				8FA7660576ACF48057270301 /* [CP] Check Pods Manifest.lock */,
				B4B7DBB22632C42B0005CE37 /* Sources */,
				B4B7DBB32632C42B0005CE37 /* Frameworks */,
				B4B7DBB42632C42B0005CE37 /* Resources */,
			);
			buildRules = (
			);
			dependencies = (
			);
			name = UOneSignal;
			productName = oneSignal;
			productReference = B4B7DBB62632C42B0005CE37 /* UOneSignal.appex */;
			productType = "com.apple.product-type.app-extension";
		};
/* End PBXNativeTarget section */

/* Begin PBXProject section */
		607FACC81AFB9204008FA782 /* Project object */ = {
			isa = PBXProject;
			attributes = {
				LastSwiftUpdateCheck = 1220;
				LastUpgradeCheck = 0830;
				ORGANIZATIONNAME = CocoaPods;
				TargetAttributes = {
					607FACCF1AFB9204008FA782 = {
						CreatedOnToolsVersion = 6.3.1;
						DevelopmentTeam = 57X7559KW9;
						LastSwiftMigration = 0900;
						ProvisioningStyle = Manual;
					};
					B4B7DBB52632C42B0005CE37 = {
						CreatedOnToolsVersion = 12.2;
						DevelopmentTeam = 57X7559KW9;
						ProvisioningStyle = Manual;
					};
				};
			};
			buildConfigurationList = 607FACCB1AFB9204008FA782 /* Build configuration list for PBXProject "SwiftyChatKit" */;
			compatibilityVersion = "Xcode 3.2";
			developmentRegion = en;
			hasScannedForEncodings = 0;
			knownRegions = (
				en,
				Base,
			);
			mainGroup = 607FACC71AFB9204008FA782;
			productRefGroup = 607FACD11AFB9204008FA782 /* Products */;
			projectDirPath = "";
			projectRoot = "";
			targets = (
				607FACCF1AFB9204008FA782 /* SwiftyChatKitDemo */,
				B4B7DBB52632C42B0005CE37 /* UOneSignal */,
			);
		};
/* End PBXProject section */

/* Begin PBXResourcesBuildPhase section */
		607FACCE1AFB9204008FA782 /* Resources */ = {
			isa = PBXResourcesBuildPhase;
			buildActionMask = 2147483647;
			files = (
				B4C03553263A5CCB006ED384 /* call.wav in Resources */,
				607FACE01AFB9204008FA782 /* LaunchScreen.xib in Resources */,
				B4C03554263A5CCB006ED384 /* WebLink.bundle in Resources */,
				607FACDD1AFB9204008FA782 /* Images.xcassets in Resources */,
			);
			runOnlyForDeploymentPostprocessing = 0;
		};
		B4B7DBB42632C42B0005CE37 /* Resources */ = {
			isa = PBXResourcesBuildPhase;
			buildActionMask = 2147483647;
			files = (
			);
			runOnlyForDeploymentPostprocessing = 0;
		};
/* End PBXResourcesBuildPhase section */

/* Begin PBXShellScriptBuildPhase section */
		09750D29160E4BBC78719531 /* [CP] Embed Pods Frameworks */ = {
			isa = PBXShellScriptBuildPhase;
			buildActionMask = 2147483647;
			files = (
			);
			inputPaths = (
				"${PODS_ROOT}/Target Support Files/Pods-SwiftyChatKitDemo/Pods-SwiftyChatKitDemo-frameworks.sh",
				"${PODS_ROOT}/AgoraRtcEngine_iOS/AgoraAIDenoiseExtension.framework",
				"${PODS_ROOT}/AgoraRtcEngine_iOS/AgoraRtcKit.framework",
				"${PODS_ROOT}/AgoraRtcEngine_iOS/Agoraffmpeg.framework",
				"${PODS_ROOT}/AgoraRtcEngine_iOS/AgoraCore.framework",
				"${PODS_ROOT}/AgoraRtcEngine_iOS/AgoraSoundTouch.framework",
				"${PODS_ROOT}/AgoraRtcEngine_iOS/Agorafdkaac.framework",
				"${PODS_ROOT}/AgoraRtcEngine_iOS/AgoraDav1dExtension.framework",
				"${PODS_ROOT}/AgoraRtcEngine_iOS/AgoraJNDExtension.framework",
				"${PODS_ROOT}/AgoraRtm_iOS/AgoraRtmKit.framework",
				"${BUILT_PRODUCTS_DIR}/Alamofire/Alamofire.framework",
				"${BUILT_PRODUCTS_DIR}/AlamofireNetworkActivityIndicator/AlamofireNetworkActivityIndicator.framework",
				"${BUILT_PRODUCTS_DIR}/BFKit-Swift/BFKit.framework",
				"${BUILT_PRODUCTS_DIR}/BMPlayer/BMPlayer.framework",
				"${BUILT_PRODUCTS_DIR}/CryptoSwift/CryptoSwift.framework",
				"${BUILT_PRODUCTS_DIR}/ESPullToRefresh/ESPullToRefresh.framework",
				"${BUILT_PRODUCTS_DIR}/GRDB.swift/GRDB.framework",
				"${BUILT_PRODUCTS_DIR}/HandyJSON/HandyJSON.framework",
				"${BUILT_PRODUCTS_DIR}/Kingfisher/Kingfisher.framework",
				"${BUILT_PRODUCTS_DIR}/Moya/Moya.framework",
				"${BUILT_PRODUCTS_DIR}/NVActivityIndicatorView/NVActivityIndicatorView.framework",
				"${BUILT_PRODUCTS_DIR}/PKHUD/PKHUD.framework",
				"${BUILT_PRODUCTS_DIR}/Protobuf/Protobuf.framework",
				"${BUILT_PRODUCTS_DIR}/Result/Result.framework",
				"${BUILT_PRODUCTS_DIR}/SKPhotoBrowser/SKPhotoBrowser.framework",
				"${BUILT_PRODUCTS_DIR}/SSZipArchive/SSZipArchive.framework",
				"${BUILT_PRODUCTS_DIR}/SVGAPlayer/SVGAPlayer.framework",
				"${BUILT_PRODUCTS_DIR}/SnapKit/SnapKit.framework",
				"${BUILT_PRODUCTS_DIR}/Starscream/Starscream.framework",
				"${BUILT_PRODUCTS_DIR}/SwiftBasicKit/SwiftBasicKit.framework",
				"${BUILT_PRODUCTS_DIR}/SwiftDate/SwiftDate.framework",
				"${BUILT_PRODUCTS_DIR}/SwiftyStoreKit/SwiftyStoreKit.framework",
				"${BUILT_PRODUCTS_DIR}/SwipeCellKit/SwipeCellKit.framework",
				"${BUILT_PRODUCTS_DIR}/Toast-Swift/Toast_Swift.framework",
			);
			name = "[CP] Embed Pods Frameworks";
			outputPaths = (
				"${TARGET_BUILD_DIR}/${FRAMEWORKS_FOLDER_PATH}/AgoraAIDenoiseExtension.framework",
				"${TARGET_BUILD_DIR}/${FRAMEWORKS_FOLDER_PATH}/AgoraRtcKit.framework",
				"${TARGET_BUILD_DIR}/${FRAMEWORKS_FOLDER_PATH}/Agoraffmpeg.framework",
				"${TARGET_BUILD_DIR}/${FRAMEWORKS_FOLDER_PATH}/AgoraCore.framework",
				"${TARGET_BUILD_DIR}/${FRAMEWORKS_FOLDER_PATH}/AgoraSoundTouch.framework",
				"${TARGET_BUILD_DIR}/${FRAMEWORKS_FOLDER_PATH}/Agorafdkaac.framework",
				"${TARGET_BUILD_DIR}/${FRAMEWORKS_FOLDER_PATH}/AgoraDav1dExtension.framework",
				"${TARGET_BUILD_DIR}/${FRAMEWORKS_FOLDER_PATH}/AgoraJNDExtension.framework",
				"${TARGET_BUILD_DIR}/${FRAMEWORKS_FOLDER_PATH}/AgoraRtmKit.framework",
				"${TARGET_BUILD_DIR}/${FRAMEWORKS_FOLDER_PATH}/Alamofire.framework",
				"${TARGET_BUILD_DIR}/${FRAMEWORKS_FOLDER_PATH}/AlamofireNetworkActivityIndicator.framework",
				"${TARGET_BUILD_DIR}/${FRAMEWORKS_FOLDER_PATH}/BFKit.framework",
				"${TARGET_BUILD_DIR}/${FRAMEWORKS_FOLDER_PATH}/BMPlayer.framework",
				"${TARGET_BUILD_DIR}/${FRAMEWORKS_FOLDER_PATH}/CryptoSwift.framework",
				"${TARGET_BUILD_DIR}/${FRAMEWORKS_FOLDER_PATH}/ESPullToRefresh.framework",
				"${TARGET_BUILD_DIR}/${FRAMEWORKS_FOLDER_PATH}/GRDB.framework",
				"${TARGET_BUILD_DIR}/${FRAMEWORKS_FOLDER_PATH}/HandyJSON.framework",
				"${TARGET_BUILD_DIR}/${FRAMEWORKS_FOLDER_PATH}/Kingfisher.framework",
				"${TARGET_BUILD_DIR}/${FRAMEWORKS_FOLDER_PATH}/Moya.framework",
				"${TARGET_BUILD_DIR}/${FRAMEWORKS_FOLDER_PATH}/NVActivityIndicatorView.framework",
				"${TARGET_BUILD_DIR}/${FRAMEWORKS_FOLDER_PATH}/PKHUD.framework",
				"${TARGET_BUILD_DIR}/${FRAMEWORKS_FOLDER_PATH}/Protobuf.framework",
				"${TARGET_BUILD_DIR}/${FRAMEWORKS_FOLDER_PATH}/Result.framework",
				"${TARGET_BUILD_DIR}/${FRAMEWORKS_FOLDER_PATH}/SKPhotoBrowser.framework",
				"${TARGET_BUILD_DIR}/${FRAMEWORKS_FOLDER_PATH}/SSZipArchive.framework",
				"${TARGET_BUILD_DIR}/${FRAMEWORKS_FOLDER_PATH}/SVGAPlayer.framework",
				"${TARGET_BUILD_DIR}/${FRAMEWORKS_FOLDER_PATH}/SnapKit.framework",
				"${TARGET_BUILD_DIR}/${FRAMEWORKS_FOLDER_PATH}/Starscream.framework",
				"${TARGET_BUILD_DIR}/${FRAMEWORKS_FOLDER_PATH}/SwiftBasicKit.framework",
				"${TARGET_BUILD_DIR}/${FRAMEWORKS_FOLDER_PATH}/SwiftDate.framework",
				"${TARGET_BUILD_DIR}/${FRAMEWORKS_FOLDER_PATH}/SwiftyStoreKit.framework",
				"${TARGET_BUILD_DIR}/${FRAMEWORKS_FOLDER_PATH}/SwipeCellKit.framework",
				"${TARGET_BUILD_DIR}/${FRAMEWORKS_FOLDER_PATH}/Toast_Swift.framework",
			);
			runOnlyForDeploymentPostprocessing = 0;
			shellPath = /bin/sh;
			shellScript = "\"${PODS_ROOT}/Target Support Files/Pods-SwiftyChatKitDemo/Pods-SwiftyChatKitDemo-frameworks.sh\"\n";
			showEnvVarsInLog = 0;
		};
		8FA7660576ACF48057270301 /* [CP] Check Pods Manifest.lock */ = {
			isa = PBXShellScriptBuildPhase;
			buildActionMask = 2147483647;
			files = (
			);
			inputFileListPaths = (
			);
			inputPaths = (
				"${PODS_PODFILE_DIR_PATH}/Podfile.lock",
				"${PODS_ROOT}/Manifest.lock",
			);
			name = "[CP] Check Pods Manifest.lock";
			outputFileListPaths = (
			);
			outputPaths = (
				"$(DERIVED_FILE_DIR)/Pods-UOneSignal-checkManifestLockResult.txt",
			);
			runOnlyForDeploymentPostprocessing = 0;
			shellPath = /bin/sh;
			shellScript = "diff \"${PODS_PODFILE_DIR_PATH}/Podfile.lock\" \"${PODS_ROOT}/Manifest.lock\" > /dev/null\nif [ $? != 0 ] ; then\n    # print error to STDERR\n    echo \"error: The sandbox is not in sync with the Podfile.lock. Run 'pod install' or update your CocoaPods installation.\" >&2\n    exit 1\nfi\n# This output is used by Xcode 'outputs' to avoid re-running this script phase.\necho \"SUCCESS\" > \"${SCRIPT_OUTPUT_FILE_0}\"\n";
			showEnvVarsInLog = 0;
		};
		C6F018AD9E72D5F2FF4F2725 /* [CP] Copy Pods Resources */ = {
			isa = PBXShellScriptBuildPhase;
			buildActionMask = 2147483647;
			files = (
			);
			inputPaths = (
				"${PODS_ROOT}/Target Support Files/Pods-SwiftyChatKitDemo/Pods-SwiftyChatKitDemo-resources.sh",
				"${PODS_ROOT}/../../SwiftyChatKit/Assets/en.lproj/Localizable.strings",
				"${PODS_CONFIGURATION_BUILD_DIR}/SwiftyChatKit/SwiftyChatKit.bundle",
				"${PODS_CONFIGURATION_BUILD_DIR}/SwiftyChatKit/SwiftyChatCallKit.bundle",
				"${PODS_CONFIGURATION_BUILD_DIR}/SwiftyChatKit/SwiftyChatResourcesKit.bundle",
				"${PODS_CONFIGURATION_BUILD_DIR}/SwiftyChatKit/SwiftyChatVideoKit.bundle",
				"${PODS_ROOT}/../../../SwiftyMessageKit/SwiftyMessageKit/Assets/en.lproj/Localizable.strings",
				"${PODS_CONFIGURATION_BUILD_DIR}/SwiftyMessageKit/SwiftyMessageKit.bundle",
				"${PODS_CONFIGURATION_BUILD_DIR}/SwiftyMessageKit/SwiftyMessageCallKit.bundle",
				"${PODS_CONFIGURATION_BUILD_DIR}/SwiftyMessageKit/KKMuteSwitchListener.bundle",
			);
			name = "[CP] Copy Pods Resources";
			outputPaths = (
				"${TARGET_BUILD_DIR}/${UNLOCALIZED_RESOURCES_FOLDER_PATH}/Localizable.strings",
				"${TARGET_BUILD_DIR}/${UNLOCALIZED_RESOURCES_FOLDER_PATH}/SwiftyChatKit.bundle",
				"${TARGET_BUILD_DIR}/${UNLOCALIZED_RESOURCES_FOLDER_PATH}/SwiftyChatCallKit.bundle",
				"${TARGET_BUILD_DIR}/${UNLOCALIZED_RESOURCES_FOLDER_PATH}/SwiftyChatResourcesKit.bundle",
				"${TARGET_BUILD_DIR}/${UNLOCALIZED_RESOURCES_FOLDER_PATH}/SwiftyChatVideoKit.bundle",
				"${TARGET_BUILD_DIR}/${UNLOCALIZED_RESOURCES_FOLDER_PATH}/SwiftyMessageKit.bundle",
				"${TARGET_BUILD_DIR}/${UNLOCALIZED_RESOURCES_FOLDER_PATH}/SwiftyMessageCallKit.bundle",
				"${TARGET_BUILD_DIR}/${UNLOCALIZED_RESOURCES_FOLDER_PATH}/KKMuteSwitchListener.bundle",
			);
			runOnlyForDeploymentPostprocessing = 0;
			shellPath = /bin/sh;
			shellScript = "\"${PODS_ROOT}/Target Support Files/Pods-SwiftyChatKitDemo/Pods-SwiftyChatKitDemo-resources.sh\"\n";
			showEnvVarsInLog = 0;
		};
		D0A178AD57526C98A9228613 /* [CP] Check Pods Manifest.lock */ = {
			isa = PBXShellScriptBuildPhase;
			buildActionMask = 2147483647;
			files = (
			);
			inputFileListPaths = (
			);
			inputPaths = (
				"${PODS_PODFILE_DIR_PATH}/Podfile.lock",
				"${PODS_ROOT}/Manifest.lock",
			);
			name = "[CP] Check Pods Manifest.lock";
			outputFileListPaths = (
			);
			outputPaths = (
				"$(DERIVED_FILE_DIR)/Pods-SwiftyChatKitDemo-checkManifestLockResult.txt",
			);
			runOnlyForDeploymentPostprocessing = 0;
			shellPath = /bin/sh;
			shellScript = "diff \"${PODS_PODFILE_DIR_PATH}/Podfile.lock\" \"${PODS_ROOT}/Manifest.lock\" > /dev/null\nif [ $? != 0 ] ; then\n    # print error to STDERR\n    echo \"error: The sandbox is not in sync with the Podfile.lock. Run 'pod install' or update your CocoaPods installation.\" >&2\n    exit 1\nfi\n# This output is used by Xcode 'outputs' to avoid re-running this script phase.\necho \"SUCCESS\" > \"${SCRIPT_OUTPUT_FILE_0}\"\n";
			showEnvVarsInLog = 0;
		};
/* End PBXShellScriptBuildPhase section */

/* Begin PBXSourcesBuildPhase section */
		607FACCC1AFB9204008FA782 /* Sources */ = {
			isa = PBXSourcesBuildPhase;
			buildActionMask = 2147483647;
			files = (
				607FACD61AFB9204008FA782 /* AppDelegate.swift in Sources */,
			);
			runOnlyForDeploymentPostprocessing = 0;
		};
		B4B7DBB22632C42B0005CE37 /* Sources */ = {
			isa = PBXSourcesBuildPhase;
			buildActionMask = 2147483647;
			files = (
				B4B7DBB92632C42B0005CE37 /* NotificationService.swift in Sources */,
			);
			runOnlyForDeploymentPostprocessing = 0;
		};
/* End PBXSourcesBuildPhase section */

/* Begin PBXTargetDependency section */
		B4B7DBBC2632C42B0005CE37 /* PBXTargetDependency */ = {
			isa = PBXTargetDependency;
			target = B4B7DBB52632C42B0005CE37 /* UOneSignal */;
			targetProxy = B4B7DBBB2632C42B0005CE37 /* PBXContainerItemProxy */;
		};
/* End PBXTargetDependency section */

/* Begin PBXVariantGroup section */
		607FACDE1AFB9204008FA782 /* LaunchScreen.xib */ = {
			isa = PBXVariantGroup;
			children = (
				607FACDF1AFB9204008FA782 /* Base */,
			);
			name = LaunchScreen.xib;
			sourceTree = "<group>";
		};
/* End PBXVariantGroup section */

/* Begin XCBuildConfiguration section */
		607FACED1AFB9204008FA782 /* Debug */ = {
			isa = XCBuildConfiguration;
			buildSettings = {
				ALWAYS_SEARCH_USER_PATHS = NO;
				CLANG_CXX_LANGUAGE_STANDARD = "gnu++0x";
				CLANG_CXX_LIBRARY = "libc++";
				CLANG_ENABLE_MODULES = YES;
				CLANG_ENABLE_OBJC_ARC = YES;
				CLANG_WARN_BLOCK_CAPTURE_AUTORELEASING = YES;
				CLANG_WARN_BOOL_CONVERSION = YES;
				CLANG_WARN_COMMA = YES;
				CLANG_WARN_CONSTANT_CONVERSION = YES;
				CLANG_WARN_DIRECT_OBJC_ISA_USAGE = YES_ERROR;
				CLANG_WARN_EMPTY_BODY = YES;
				CLANG_WARN_ENUM_CONVERSION = YES;
				CLANG_WARN_INFINITE_RECURSION = YES;
				CLANG_WARN_INT_CONVERSION = YES;
				CLANG_WARN_NON_LITERAL_NULL_CONVERSION = YES;
				CLANG_WARN_OBJC_LITERAL_CONVERSION = YES;
				CLANG_WARN_OBJC_ROOT_CLASS = YES_ERROR;
				CLANG_WARN_RANGE_LOOP_ANALYSIS = YES;
				CLANG_WARN_STRICT_PROTOTYPES = YES;
				CLANG_WARN_SUSPICIOUS_MOVE = YES;
				CLANG_WARN_UNREACHABLE_CODE = YES;
				CLANG_WARN__DUPLICATE_METHOD_MATCH = YES;
				"CODE_SIGN_IDENTITY[sdk=iphoneos*]" = "iPhone Developer";
				COPY_PHASE_STRIP = NO;
				DEBUG_INFORMATION_FORMAT = "dwarf-with-dsym";
				ENABLE_STRICT_OBJC_MSGSEND = YES;
				ENABLE_TESTABILITY = YES;
				GCC_C_LANGUAGE_STANDARD = gnu99;
				GCC_DYNAMIC_NO_PIC = NO;
				GCC_NO_COMMON_BLOCKS = YES;
				GCC_OPTIMIZATION_LEVEL = 0;
				GCC_PREPROCESSOR_DEFINITIONS = (
					"DEBUG=1",
					"$(inherited)",
				);
				GCC_SYMBOLS_PRIVATE_EXTERN = NO;
				GCC_WARN_64_TO_32_BIT_CONVERSION = YES;
				GCC_WARN_ABOUT_RETURN_TYPE = YES_ERROR;
				GCC_WARN_UNDECLARED_SELECTOR = YES;
				GCC_WARN_UNINITIALIZED_AUTOS = YES_AGGRESSIVE;
				GCC_WARN_UNUSED_FUNCTION = YES;
				GCC_WARN_UNUSED_VARIABLE = YES;
				IPHONEOS_DEPLOYMENT_TARGET = 10.0;
				MTL_ENABLE_DEBUG_INFO = YES;
				ONLY_ACTIVE_ARCH = YES;
				SDKROOT = iphoneos;
				SWIFT_OPTIMIZATION_LEVEL = "-Onone";
			};
			name = Debug;
		};
		607FACEE1AFB9204008FA782 /* Release */ = {
			isa = XCBuildConfiguration;
			buildSettings = {
				ALWAYS_SEARCH_USER_PATHS = NO;
				CLANG_CXX_LANGUAGE_STANDARD = "gnu++0x";
				CLANG_CXX_LIBRARY = "libc++";
				CLANG_ENABLE_MODULES = YES;
				CLANG_ENABLE_OBJC_ARC = YES;
				CLANG_WARN_BLOCK_CAPTURE_AUTORELEASING = YES;
				CLANG_WARN_BOOL_CONVERSION = YES;
				CLANG_WARN_COMMA = YES;
				CLANG_WARN_CONSTANT_CONVERSION = YES;
				CLANG_WARN_DIRECT_OBJC_ISA_USAGE = YES_ERROR;
				CLANG_WARN_EMPTY_BODY = YES;
				CLANG_WARN_ENUM_CONVERSION = YES;
				CLANG_WARN_INFINITE_RECURSION = YES;
				CLANG_WARN_INT_CONVERSION = YES;
				CLANG_WARN_NON_LITERAL_NULL_CONVERSION = YES;
				CLANG_WARN_OBJC_LITERAL_CONVERSION = YES;
				CLANG_WARN_OBJC_ROOT_CLASS = YES_ERROR;
				CLANG_WARN_RANGE_LOOP_ANALYSIS = YES;
				CLANG_WARN_STRICT_PROTOTYPES = YES;
				CLANG_WARN_SUSPICIOUS_MOVE = YES;
				CLANG_WARN_UNREACHABLE_CODE = YES;
				CLANG_WARN__DUPLICATE_METHOD_MATCH = YES;
				"CODE_SIGN_IDENTITY[sdk=iphoneos*]" = "iPhone Developer";
				COPY_PHASE_STRIP = NO;
				DEBUG_INFORMATION_FORMAT = "dwarf-with-dsym";
				ENABLE_NS_ASSERTIONS = NO;
				ENABLE_STRICT_OBJC_MSGSEND = YES;
				GCC_C_LANGUAGE_STANDARD = gnu99;
				GCC_NO_COMMON_BLOCKS = YES;
				GCC_WARN_64_TO_32_BIT_CONVERSION = YES;
				GCC_WARN_ABOUT_RETURN_TYPE = YES_ERROR;
				GCC_WARN_UNDECLARED_SELECTOR = YES;
				GCC_WARN_UNINITIALIZED_AUTOS = YES_AGGRESSIVE;
				GCC_WARN_UNUSED_FUNCTION = YES;
				GCC_WARN_UNUSED_VARIABLE = YES;
				IPHONEOS_DEPLOYMENT_TARGET = 10.0;
				MTL_ENABLE_DEBUG_INFO = NO;
				SDKROOT = iphoneos;
				SWIFT_OPTIMIZATION_LEVEL = "-Owholemodule";
				VALIDATE_PRODUCT = YES;
			};
			name = Release;
		};
		607FACF01AFB9204008FA782 /* Debug */ = {
			isa = XCBuildConfiguration;
			baseConfigurationReference = 641D2C647DEC96D9F51BF957 /* Pods-SwiftyChatKitDemo.debug.xcconfig */;
			buildSettings = {
				ALWAYS_EMBED_SWIFT_STANDARD_LIBRARIES = YES;
				ASSETCATALOG_COMPILER_APPICON_NAME = AppIcon;
				CODE_SIGN_ENTITLEMENTS = SwiftyChatKitDemo/SwiftyChatKitDemo.entitlements;
				CODE_SIGN_IDENTITY = "iPhone Developer";
				CODE_SIGN_STYLE = Manual;
				CURRENT_PROJECT_VERSION = 1;
				DEVELOPMENT_TEAM = 57X7559KW9;
				ENABLE_BITCODE = NO;
				INFOPLIST_FILE = SwiftyChatKitDemo/Info.plist;
				LD_RUNPATH_SEARCH_PATHS = "$(inherited) @executable_path/Frameworks";
				MARKETING_VERSION = 1.0.0;
				MODULE_NAME = ExampleApp;
				PRODUCT_BUNDLE_IDENTIFIER = com.yule.live.video.ios;
				PRODUCT_NAME = "$(TARGET_NAME)";
				PROVISIONING_PROFILE_SPECIFIER = live_dev;
				SWIFT_SWIFT3_OBJC_INFERENCE = Default;
				SWIFT_VERSION = 5.0;
			};
			name = Debug;
		};
		607FACF11AFB9204008FA782 /* Release */ = {
			isa = XCBuildConfiguration;
			baseConfigurationReference = 882501F5CBACF58EDE27324B /* Pods-SwiftyChatKitDemo.release.xcconfig */;
			buildSettings = {
				ALWAYS_EMBED_SWIFT_STANDARD_LIBRARIES = YES;
				ASSETCATALOG_COMPILER_APPICON_NAME = AppIcon;
				CODE_SIGN_ENTITLEMENTS = SwiftyChatKitDemo/SwiftyChatKitDemo.entitlements;
				CODE_SIGN_IDENTITY = "iPhone Developer";
				CODE_SIGN_STYLE = Manual;
				CURRENT_PROJECT_VERSION = 1;
				DEVELOPMENT_TEAM = 57X7559KW9;
				ENABLE_BITCODE = NO;
				INFOPLIST_FILE = SwiftyChatKitDemo/Info.plist;
				LD_RUNPATH_SEARCH_PATHS = "$(inherited) @executable_path/Frameworks";
				MARKETING_VERSION = 1.0.0;
				MODULE_NAME = ExampleApp;
				PRODUCT_BUNDLE_IDENTIFIER = com.yule.live.video.ios;
				PRODUCT_NAME = "$(TARGET_NAME)";
				PROVISIONING_PROFILE_SPECIFIER = live_dev;
				SWIFT_SWIFT3_OBJC_INFERENCE = Default;
				SWIFT_VERSION = 5.0;
			};
			name = Release;
		};
		B4B7DBBF2632C42B0005CE37 /* Debug */ = {
			isa = XCBuildConfiguration;
			baseConfigurationReference = 452811DB5706A8E196E45023 /* Pods-UOneSignal.debug.xcconfig */;
			buildSettings = {
				CLANG_ANALYZER_NONNULL = YES;
				CLANG_ANALYZER_NUMBER_OBJECT_CONVERSION = YES_AGGRESSIVE;
				CLANG_CXX_LANGUAGE_STANDARD = "gnu++14";
				CLANG_ENABLE_OBJC_WEAK = YES;
				CLANG_WARN_DEPRECATED_OBJC_IMPLEMENTATIONS = YES;
				CLANG_WARN_DOCUMENTATION_COMMENTS = YES;
				CLANG_WARN_OBJC_IMPLICIT_RETAIN_SELF = YES;
				CLANG_WARN_QUOTED_INCLUDE_IN_FRAMEWORK_HEADER = YES;
				CLANG_WARN_UNGUARDED_AVAILABILITY = YES_AGGRESSIVE;
				CODE_SIGN_ENTITLEMENTS = UOneSignal/UOneSignal.entitlements;
				CODE_SIGN_IDENTITY = "iPhone Developer";
				CODE_SIGN_STYLE = Manual;
				DEBUG_INFORMATION_FORMAT = dwarf;
				DEVELOPMENT_TEAM = 57X7559KW9;
				GCC_C_LANGUAGE_STANDARD = gnu11;
				INFOPLIST_FILE = UOneSignal/Info.plist;
				IPHONEOS_DEPLOYMENT_TARGET = 10.0;
				LD_RUNPATH_SEARCH_PATHS = "$(inherited) @executable_path/Frameworks @executable_path/../../Frameworks";
				MARKETING_VERSION = 1.0.0;
				MTL_ENABLE_DEBUG_INFO = INCLUDE_SOURCE;
				MTL_FAST_MATH = YES;
				PRODUCT_BUNDLE_IDENTIFIER = com.yule.live.video.ios.onesignal;
				PRODUCT_NAME = "$(TARGET_NAME)";
				PROVISIONING_PROFILE_SPECIFIER = live_ones_dev;
				SKIP_INSTALL = YES;
				SWIFT_ACTIVE_COMPILATION_CONDITIONS = DEBUG;
				SWIFT_VERSION = 5.0;
				TARGETED_DEVICE_FAMILY = "1,2";
			};
			name = Debug;
		};
		B4B7DBC02632C42B0005CE37 /* Release */ = {
			isa = XCBuildConfiguration;
			baseConfigurationReference = EF51FA7155AABDFC9BE75B09 /* Pods-UOneSignal.release.xcconfig */;
			buildSettings = {
				CLANG_ANALYZER_NONNULL = YES;
				CLANG_ANALYZER_NUMBER_OBJECT_CONVERSION = YES_AGGRESSIVE;
				CLANG_CXX_LANGUAGE_STANDARD = "gnu++14";
				CLANG_ENABLE_OBJC_WEAK = YES;
				CLANG_WARN_DEPRECATED_OBJC_IMPLEMENTATIONS = YES;
				CLANG_WARN_DOCUMENTATION_COMMENTS = YES;
				CLANG_WARN_OBJC_IMPLICIT_RETAIN_SELF = YES;
				CLANG_WARN_QUOTED_INCLUDE_IN_FRAMEWORK_HEADER = YES;
				CLANG_WARN_UNGUARDED_AVAILABILITY = YES_AGGRESSIVE;
				CODE_SIGN_ENTITLEMENTS = UOneSignal/UOneSignal.entitlements;
				CODE_SIGN_IDENTITY = "iPhone Developer";
				CODE_SIGN_STYLE = Manual;
				DEVELOPMENT_TEAM = 57X7559KW9;
				GCC_C_LANGUAGE_STANDARD = gnu11;
				INFOPLIST_FILE = UOneSignal/Info.plist;
				IPHONEOS_DEPLOYMENT_TARGET = 10.0;
				LD_RUNPATH_SEARCH_PATHS = "$(inherited) @executable_path/Frameworks @executable_path/../../Frameworks";
				MARKETING_VERSION = 1.0.0;
				MTL_FAST_MATH = YES;
				PRODUCT_BUNDLE_IDENTIFIER = com.yule.live.video.ios.onesignal;
				PRODUCT_NAME = "$(TARGET_NAME)";
				PROVISIONING_PROFILE_SPECIFIER = live_ones_dev;
				SKIP_INSTALL = YES;
				SWIFT_VERSION = 5.0;
				TARGETED_DEVICE_FAMILY = "1,2";
			};
			name = Release;
		};
/* End XCBuildConfiguration section */

/* Begin XCConfigurationList section */
		607FACCB1AFB9204008FA782 /* Build configuration list for PBXProject "SwiftyChatKit" */ = {
			isa = XCConfigurationList;
			buildConfigurations = (
				607FACED1AFB9204008FA782 /* Debug */,
				607FACEE1AFB9204008FA782 /* Release */,
			);
			defaultConfigurationIsVisible = 0;
			defaultConfigurationName = Release;
		};
		607FACEF1AFB9204008FA782 /* Build configuration list for PBXNativeTarget "SwiftyChatKitDemo" */ = {
			isa = XCConfigurationList;
			buildConfigurations = (
				607FACF01AFB9204008FA782 /* Debug */,
				607FACF11AFB9204008FA782 /* Release */,
			);
			defaultConfigurationIsVisible = 0;
			defaultConfigurationName = Release;
		};
		B4B7DBBE2632C42B0005CE37 /* Build configuration list for PBXNativeTarget "UOneSignal" */ = {
			isa = XCConfigurationList;
			buildConfigurations = (
				B4B7DBBF2632C42B0005CE37 /* Debug */,
				B4B7DBC02632C42B0005CE37 /* Release */,
			);
			defaultConfigurationIsVisible = 0;
			defaultConfigurationName = Release;
		};
/* End XCConfigurationList section */
	};
	rootObject = 607FACC81AFB9204008FA782 /* Project object */;
}
